// !$*UTF8*$!
{
	archiveVersion = 1;
	classes = {
	};
	objectVersion = 46;
	objects = {

/* Begin PBXBuildFile section */
		F74D75421AF90700002F23B0 /* main.m in Sources */ = {isa = PBXBuildFile; fileRef = F74D75411AF90700002F23B0 /* main.m */; };
		F74D75451AF90700002F23B0 /* AppDelegate.m in Sources */ = {isa = PBXBuildFile; fileRef = F74D75441AF90700002F23B0 /* AppDelegate.m */; };
		F74D75481AF90700002F23B0 /* ViewController.m in Sources */ = {isa = PBXBuildFile; fileRef = F74D75471AF90700002F23B0 /* ViewController.m */; };
		F74D754B1AF90700002F23B0 /* Main.storyboard in Resources */ = {isa = PBXBuildFile; fileRef = F74D75491AF90700002F23B0 /* Main.storyboard */; };
		F74D754D1AF90700002F23B0 /* Images.xcassets in Resources */ = {isa = PBXBuildFile; fileRef = F74D754C1AF90700002F23B0 /* Images.xcassets */; };
		F74D75501AF90700002F23B0 /* LaunchScreen.xib in Resources */ = {isa = PBXBuildFile; fileRef = F74D754E1AF90700002F23B0 /* LaunchScreen.xib */; };
		F74D755C1AF90700002F23B0 /* lastfyTests.m in Sources */ = {isa = PBXBuildFile; fileRef = F74D755B1AF90700002F23B0 /* lastfyTests.m */; };
/* End PBXBuildFile section */

/* Begin PBXContainerItemProxy section */
		F74D75561AF90700002F23B0 /* PBXContainerItemProxy */ = {
			isa = PBXContainerItemProxy;
			containerPortal = F74D75341AF90700002F23B0 /* Project object */;
			proxyType = 1;
			remoteGlobalIDString = F74D753B1AF90700002F23B0;
			remoteInfo = lastfy;
		};
/* End PBXContainerItemProxy section */

/* Begin PBXFileReference section */
		F74D753C1AF90700002F23B0 /* lastfy.app */ = {isa = PBXFileReference; explicitFileType = wrapper.application; includeInIndex = 0; path = lastfy.app; sourceTree = BUILT_PRODUCTS_DIR; };
		F74D75401AF90700002F23B0 /* Info.plist */ = {isa = PBXFileReference; lastKnownFileType = text.plist.xml; path = Info.plist; sourceTree = "<group>"; };
		F74D75411AF90700002F23B0 /* main.m */ = {isa = PBXFileReference; lastKnownFileType = sourcecode.c.objc; path = main.m; sourceTree = "<group>"; };
		F74D75431AF90700002F23B0 /* AppDelegate.h */ = {isa = PBXFileReference; lastKnownFileType = sourcecode.c.h; path = AppDelegate.h; sourceTree = "<group>"; };
		F74D75441AF90700002F23B0 /* AppDelegate.m */ = {isa = PBXFileReference; lastKnownFileType = sourcecode.c.objc; path = AppDelegate.m; sourceTree = "<group>"; };
		F74D75461AF90700002F23B0 /* ViewController.h */ = {isa = PBXFileReference; lastKnownFileType = sourcecode.c.h; path = ViewController.h; sourceTree = "<group>"; };
		F74D75471AF90700002F23B0 /* ViewController.m */ = {isa = PBXFileReference; lastKnownFileType = sourcecode.c.objc; path = ViewController.m; sourceTree = "<group>"; };
		F74D754A1AF90700002F23B0 /* Base */ = {isa = PBXFileReference; lastKnownFileType = file.storyboard; name = Base; path = Base.lproj/Main.storyboard; sourceTree = "<group>"; };
		F74D754C1AF90700002F23B0 /* Images.xcassets */ = {isa = PBXFileReference; lastKnownFileType = folder.assetcatalog; path = Images.xcassets; sourceTree = "<group>"; };
		F74D754F1AF90700002F23B0 /* Base */ = {isa = PBXFileReference; lastKnownFileType = file.xib; name = Base; path = Base.lproj/LaunchScreen.xib; sourceTree = "<group>"; };
		F74D75551AF90700002F23B0 /* lastfyTests.xctest */ = {isa = PBXFileReference; explicitFileType = wrapper.cfbundle; includeInIndex = 0; path = lastfyTests.xctest; sourceTree = BUILT_PRODUCTS_DIR; };
		F74D755A1AF90700002F23B0 /* Info.plist */ = {isa = PBXFileReference; lastKnownFileType = text.plist.xml; path = Info.plist; sourceTree = "<group>"; };
		F74D755B1AF90700002F23B0 /* lastfyTests.m */ = {isa = PBXFileReference; lastKnownFileType = sourcecode.c.objc; path = lastfyTests.m; sourceTree = "<group>"; };
/* End PBXFileReference section */

/* Begin PBXFrameworksBuildPhase section */
		F74D75391AF90700002F23B0 /* Frameworks */ = {
			isa = PBXFrameworksBuildPhase;
			buildActionMask = 2147483647;
			files = (
			);
			runOnlyForDeploymentPostprocessing = 0;
		};
		F74D75521AF90700002F23B0 /* Frameworks */ = {
			isa = PBXFrameworksBuildPhase;
			buildActionMask = 2147483647;
			files = (
			);
			runOnlyForDeploymentPostprocessing = 0;
		};
/* End PBXFrameworksBuildPhase section */

/* Begin PBXGroup section */
		F74D75331AF90700002F23B0 = {
			isa = PBXGroup;
			children = (
				F74D753E1AF90700002F23B0 /* lastfy */,
				F74D75581AF90700002F23B0 /* lastfyTests */,
				F74D753D1AF90700002F23B0 /* Products */,
			);
			sourceTree = "<group>";
		};
		F74D753D1AF90700002F23B0 /* Products */ = {
			isa = PBXGroup;
			children = (
				F74D753C1AF90700002F23B0 /* lastfy.app */,
				F74D75551AF90700002F23B0 /* lastfyTests.xctest */,
			);
			name = Products;
			sourceTree = "<group>";
		};
		F74D753E1AF90700002F23B0 /* lastfy */ = {
			isa = PBXGroup;
			children = (
				F74D75431AF90700002F23B0 /* AppDelegate.h */,
				F74D75441AF90700002F23B0 /* AppDelegate.m */,
				F74D75461AF90700002F23B0 /* ViewController.h */,
				F74D75471AF90700002F23B0 /* ViewController.m */,
				F74D75491AF90700002F23B0 /* Main.storyboard */,
				F74D754C1AF90700002F23B0 /* Images.xcassets */,
				F74D754E1AF90700002F23B0 /* LaunchScreen.xib */,
				F74D753F1AF90700002F23B0 /* Supporting Files */,
			);
			path = lastfy;
			sourceTree = "<group>";
		};
		F74D753F1AF90700002F23B0 /* Supporting Files */ = {
			isa = PBXGroup;
			children = (
				F74D75401AF90700002F23B0 /* Info.plist */,
				F74D75411AF90700002F23B0 /* main.m */,
			);
			name = "Supporting Files";
			sourceTree = "<group>";
		};
		F74D75581AF90700002F23B0 /* lastfyTests */ = {
			isa = PBXGroup;
			children = (
				F74D755B1AF90700002F23B0 /* lastfyTests.m */,
				F74D75591AF90700002F23B0 /* Supporting Files */,
			);
			path = lastfyTests;
			sourceTree = "<group>";
		};
		F74D75591AF90700002F23B0 /* Supporting Files */ = {
			isa = PBXGroup;
			children = (
				F74D755A1AF90700002F23B0 /* Info.plist */,
			);
			name = "Supporting Files";
			sourceTree = "<group>";
		};
/* End PBXGroup section */

/* Begin PBXNativeTarget section */
		F74D753B1AF90700002F23B0 /* lastfy */ = {
			isa = PBXNativeTarget;
			buildConfigurationList = F74D755F1AF90700002F23B0 /* Build configuration list for PBXNativeTarget "lastfy" */;
			buildPhases = (
				F74D75381AF90700002F23B0 /* Sources */,
				F74D75391AF90700002F23B0 /* Frameworks */,
				F74D753A1AF90700002F23B0 /* Resources */,
			);
			buildRules = (
			);
			dependencies = (
			);
			name = lastfy;
			productName = lastfy;
			productReference = F74D753C1AF90700002F23B0 /* lastfy.app */;
			productType = "com.apple.product-type.application";
		};
		F74D75541AF90700002F23B0 /* lastfyTests */ = {
			isa = PBXNativeTarget;
			buildConfigurationList = F74D75621AF90700002F23B0 /* Build configuration list for PBXNativeTarget "lastfyTests" */;
			buildPhases = (
				F74D75511AF90700002F23B0 /* Sources */,
				F74D75521AF90700002F23B0 /* Frameworks */,
				F74D75531AF90700002F23B0 /* Resources */,
			);
			buildRules = (
			);
			dependencies = (
				F74D75571AF90700002F23B0 /* PBXTargetDependency */,
			);
			name = lastfyTests;
			productName = lastfyTests;
			productReference = F74D75551AF90700002F23B0 /* lastfyTests.xctest */;
			productType = "com.apple.product-type.bundle.unit-test";
		};
/* End PBXNativeTarget section */

/* Begin PBXProject section */
		F74D75341AF90700002F23B0 /* Project object */ = {
			isa = PBXProject;
			attributes = {
				LastUpgradeCheck = 0630;
				ORGANIZATIONNAME = "Ezequiel França";
				TargetAttributes = {
					F74D753B1AF90700002F23B0 = {
						CreatedOnToolsVersion = 6.3;
					};
					F74D75541AF90700002F23B0 = {
						CreatedOnToolsVersion = 6.3;
						TestTargetID = F74D753B1AF90700002F23B0;
					};
				};
			};
			buildConfigurationList = F74D75371AF90700002F23B0 /* Build configuration list for PBXProject "lastfy" */;
			compatibilityVersion = "Xcode 3.2";
			developmentRegion = English;
			hasScannedForEncodings = 0;
			knownRegions = (
				en,
				Base,
			);
			mainGroup = F74D75331AF90700002F23B0;
			productRefGroup = F74D753D1AF90700002F23B0 /* Products */;
			projectDirPath = "";
			projectRoot = "";
			targets = (
				F74D753B1AF90700002F23B0 /* lastfy */,
				F74D75541AF90700002F23B0 /* lastfyTests */,
			);
		};
/* End PBXProject section */

/* Begin PBXResourcesBuildPhase section */
		F74D753A1AF90700002F23B0 /* Resources */ = {
			isa = PBXResourcesBuildPhase;
			buildActionMask = 2147483647;
			files = (
				F74D754B1AF90700002F23B0 /* Main.storyboard in Resources */,
				F74D75501AF90700002F23B0 /* LaunchScreen.xib in Resources */,
				F74D754D1AF90700002F23B0 /* Images.xcassets in Resources */,
			);
			runOnlyForDeploymentPostprocessing = 0;
		};
		F74D75531AF90700002F23B0 /* Resources */ = {
			isa = PBXResourcesBuildPhase;
			buildActionMask = 2147483647;
			files = (
			);
			runOnlyForDeploymentPostprocessing = 0;
		};
/* End PBXResourcesBuildPhase section */

/* Begin PBXSourcesBuildPhase section */
		F74D75381AF90700002F23B0 /* Sources */ = {
			isa = PBXSourcesBuildPhase;
			buildActionMask = 2147483647;
			files = (
				F74D75481AF90700002F23B0 /* ViewController.m in Sources */,
				F74D75451AF90700002F23B0 /* AppDelegate.m in Sources */,
				F74D75421AF90700002F23B0 /* main.m in Sources */,
			);
			runOnlyForDeploymentPostprocessing = 0;
		};
		F74D75511AF90700002F23B0 /* Sources */ = {
			isa = PBXSourcesBuildPhase;
			buildActionMask = 2147483647;
			files = (
				F74D755C1AF90700002F23B0 /* lastfyTests.m in Sources */,
			);
			runOnlyForDeploymentPostprocessing = 0;
		};
/* End PBXSourcesBuildPhase section */

/* Begin PBXTargetDependency section */
		F74D75571AF90700002F23B0 /* PBXTargetDependency */ = {
			isa = PBXTargetDependency;
			target = F74D753B1AF90700002F23B0 /* lastfy */;
			targetProxy = F74D75561AF90700002F23B0 /* PBXContainerItemProxy */;
		};
/* End PBXTargetDependency section */

/* Begin PBXVariantGroup section */
		F74D75491AF90700002F23B0 /* Main.storyboard */ = {
			isa = PBXVariantGroup;
			children = (
				F74D754A1AF90700002F23B0 /* Base */,
			);
			name = Main.storyboard;
			sourceTree = "<group>";
		};
		F74D754E1AF90700002F23B0 /* LaunchScreen.xib */ = {
			isa = PBXVariantGroup;
			children = (
				F74D754F1AF90700002F23B0 /* Base */,
			);
			name = LaunchScreen.xib;
			sourceTree = "<group>";
		};
/* End PBXVariantGroup section */

/* Begin XCBuildConfiguration section */
		F74D755D1AF90700002F23B0 /* Debug */ = {
			isa = XCBuildConfiguration;
			buildSettings = {
				ALWAYS_SEARCH_USER_PATHS = NO;
				CLANG_CXX_LANGUAGE_STANDARD = "gnu++0x";
				CLANG_CXX_LIBRARY = "libc++";
				CLANG_ENABLE_MODULES = YES;
				CLANG_ENABLE_OBJC_ARC = YES;
				CLANG_WARN_BOOL_CONVERSION = YES;
				CLANG_WARN_CONSTANT_CONVERSION = YES;
				CLANG_WARN_DIRECT_OBJC_ISA_USAGE = YES_ERROR;
				CLANG_WARN_EMPTY_BODY = YES;
				CLANG_WARN_ENUM_CONVERSION = YES;
				CLANG_WARN_INT_CONVERSION = YES;
				CLANG_WARN_OBJC_ROOT_CLASS = YES_ERROR;
				CLANG_WARN_UNREACHABLE_CODE = YES;
				CLANG_WARN__DUPLICATE_METHOD_MATCH = YES;
				"CODE_SIGN_IDENTITY[sdk=iphoneos*]" = "iPhone Developer";
				COPY_PHASE_STRIP = NO;
				DEBUG_INFORMATION_FORMAT = "dwarf-with-dsym";
				ENABLE_STRICT_OBJC_MSGSEND = YES;
				GCC_C_LANGUAGE_STANDARD = gnu99;
				GCC_DYNAMIC_NO_PIC = NO;
				GCC_NO_COMMON_BLOCKS = YES;
				GCC_OPTIMIZATION_LEVEL = 0;
				GCC_PREPROCESSOR_DEFINITIONS = (
					"DEBUG=1",
					"$(inherited)",
				);
				GCC_SYMBOLS_PRIVATE_EXTERN = NO;
				GCC_WARN_64_TO_32_BIT_CONVERSION = YES;
				GCC_WARN_ABOUT_RETURN_TYPE = YES_ERROR;
				GCC_WARN_UNDECLARED_SELECTOR = YES;
				GCC_WARN_UNINITIALIZED_AUTOS = YES_AGGRESSIVE;
				GCC_WARN_UNUSED_FUNCTION = YES;
				GCC_WARN_UNUSED_VARIABLE = YES;
				IPHONEOS_DEPLOYMENT_TARGET = 8.3;
				MTL_ENABLE_DEBUG_INFO = YES;
				ONLY_ACTIVE_ARCH = YES;
				SDKROOT = iphoneos;
				TARGETED_DEVICE_FAMILY = "1,2";
			};
			name = Debug;
		};
		F74D755E1AF90700002F23B0 /* Release */ = {
			isa = XCBuildConfiguration;
			buildSettings = {
				ALWAYS_SEARCH_USER_PATHS = NO;
				CLANG_CXX_LANGUAGE_STANDARD = "gnu++0x";
				CLANG_CXX_LIBRARY = "libc++";
				CLANG_ENABLE_MODULES = YES;
				CLANG_ENABLE_OBJC_ARC = YES;
				CLANG_WARN_BOOL_CONVERSION = YES;
				CLANG_WARN_CONSTANT_CONVERSION = YES;
				CLANG_WARN_DIRECT_OBJC_ISA_USAGE = YES_ERROR;
				CLANG_WARN_EMPTY_BODY = YES;
				CLANG_WARN_ENUM_CONVERSION = YES;
				CLANG_WARN_INT_CONVERSION = YES;
				CLANG_WARN_OBJC_ROOT_CLASS = YES_ERROR;
				CLANG_WARN_UNREACHABLE_CODE = YES;
				CLANG_WARN__DUPLICATE_METHOD_MATCH = YES;
				"CODE_SIGN_IDENTITY[sdk=iphoneos*]" = "iPhone Developer";
				COPY_PHASE_STRIP = NO;
				DEBUG_INFORMATION_FORMAT = "dwarf-with-dsym";
				ENABLE_NS_ASSERTIONS = NO;
				ENABLE_STRICT_OBJC_MSGSEND = YES;
				GCC_C_LANGUAGE_STANDARD = gnu99;
				GCC_NO_COMMON_BLOCKS = YES;
				GCC_WARN_64_TO_32_BIT_CONVERSION = YES;
				GCC_WARN_ABOUT_RETURN_TYPE = YES_ERROR;
				GCC_WARN_UNDECLARED_SELECTOR = YES;
				GCC_WARN_UNINITIALIZED_AUTOS = YES_AGGRESSIVE;
				GCC_WARN_UNUSED_FUNCTION = YES;
				GCC_WARN_UNUSED_VARIABLE = YES;
				IPHONEOS_DEPLOYMENT_TARGET = 8.3;
				MTL_ENABLE_DEBUG_INFO = NO;
				SDKROOT = iphoneos;
				TARGETED_DEVICE_FAMILY = "1,2";
				VALIDATE_PRODUCT = YES;
			};
			name = Release;
		};
		F74D75601AF90700002F23B0 /* Debug */ = {
			isa = XCBuildConfiguration;
			buildSettings = {
				ASSETCATALOG_COMPILER_APPICON_NAME = AppIcon;
				INFOPLIST_FILE = lastfy/Info.plist;
				LD_RUNPATH_SEARCH_PATHS = "$(inherited) @executable_path/Frameworks";
				PRODUCT_NAME = "$(TARGET_NAME)";
			};
			name = Debug;
		};
		F74D75611AF90700002F23B0 /* Release */ = {
			isa = XCBuildConfiguration;
			buildSettings = {
				ASSETCATALOG_COMPILER_APPICON_NAME = AppIcon;
				INFOPLIST_FILE = lastfy/Info.plist;
				LD_RUNPATH_SEARCH_PATHS = "$(inherited) @executable_path/Frameworks";
				PRODUCT_NAME = "$(TARGET_NAME)";
			};
			name = Release;
		};
		F74D75631AF90700002F23B0 /* Debug */ = {
			isa = XCBuildConfiguration;
			buildSettings = {
				BUNDLE_LOADER = "$(TEST_HOST)";
				FRAMEWORK_SEARCH_PATHS = (
					"$(SDKROOT)/Developer/Library/Frameworks",
					"$(inherited)",
				);
				GCC_PREPROCESSOR_DEFINITIONS = (
					"DEBUG=1",
					"$(inherited)",
				);
				INFOPLIST_FILE = lastfyTests/Info.plist;
				LD_RUNPATH_SEARCH_PATHS = "$(inherited) @executable_path/Frameworks @loader_path/Frameworks";
				PRODUCT_NAME = "$(TARGET_NAME)";
				TEST_HOST = "$(BUILT_PRODUCTS_DIR)/lastfy.app/lastfy";
			};
			name = Debug;
		};
		F74D75641AF90700002F23B0 /* Release */ = {
			isa = XCBuildConfiguration;
			buildSettings = {
				BUNDLE_LOADER = "$(TEST_HOST)";
				FRAMEWORK_SEARCH_PATHS = (
					"$(SDKROOT)/Developer/Library/Frameworks",
					"$(inherited)",
				);
				INFOPLIST_FILE = lastfyTests/Info.plist;
				LD_RUNPATH_SEARCH_PATHS = "$(inherited) @executable_path/Frameworks @loader_path/Frameworks";
				PRODUCT_NAME = "$(TARGET_NAME)";
				TEST_HOST = "$(BUILT_PRODUCTS_DIR)/lastfy.app/lastfy";
			};
			name = Release;
		};
/* End XCBuildConfiguration section */

/* Begin XCConfigurationList section */
		F74D75371AF90700002F23B0 /* Build configuration list for PBXProject "lastfy" */ = {
			isa = XCConfigurationList;
			buildConfigurations = (
				F74D755D1AF90700002F23B0 /* Debug */,
				F74D755E1AF90700002F23B0 /* Release */,
			);
			defaultConfigurationIsVisible = 0;
			defaultConfigurationName = Release;
		};
		F74D755F1AF90700002F23B0 /* Build configuration list for PBXNativeTarget "lastfy" */ = {
			isa = XCConfigurationList;
			buildConfigurations = (
				F74D75601AF90700002F23B0 /* Debug */,
				F74D75611AF90700002F23B0 /* Release */,
			);
			defaultConfigurationIsVisible = 0;
		};
		F74D75621AF90700002F23B0 /* Build configuration list for PBXNativeTarget "lastfyTests" */ = {
			isa = XCConfigurationList;
			buildConfigurations = (
				F74D75631AF90700002F23B0 /* Debug */,
				F74D75641AF90700002F23B0 /* Release */,
			);
			defaultConfigurationIsVisible = 0;
		};
/* End XCConfigurationList section */
	};
	rootObject = F74D75341AF90700002F23B0 /* Project object */;
}
